{
  "name": "rna_m05",
  "version": "1.0.0",
  "lockfileVersion": 3,
  "requires": true,
  "packages": {
    "": {
      "name": "rna_m05",
      "version": "1.0.0",
      "license": "ISC",
      "dependencies": {
        "nodemailer": "^6.9.6",
        "rna_m05": "^1.0.0"
      }
    },
    "node_modules/nodemailer": {
      "version": "6.9.6",
      "resolved": "https://registry.npmjs.org/nodemailer/-/nodemailer-6.9.6.tgz",
      "integrity": "sha512-s7pDtWwe5fLMkQUhw8TkWB/wnZ7SRdd9HRZslq/s24hlZvBP3j32N/ETLmnqTpmj4xoBZL9fOWyCIZ7r2HORHg==",
      "engines": {
        "node": ">=6.0.0"
      }
    },
    "node_modules/rna_m05": {
      "version": "1.0.0",
      "resolved": "https://registry.npmjs.org/rna_m05/-/rna_m05-1.0.0.tgz",
      "integrity": "sha512-1UcvccAXMI5cRiHopOUBw7t1mhnSTLkLW4F6Q9vCNgsd4yHPtG5+gy76AVGCbv9f4wbLyYYm/M2BKjAgqIp4Fw==",
      "dependencies": {
        "nodemailer": "^6.9.6"
      }
    }
  }
}
